
Microsoft Visual Studio Solution File, Format Version 12.00
# Visual Studio Version 17
VisualStudioVersion = 17.8.34330.188
MinimumVisualStudioVersion = 10.0.40219.1
Project("{FAE04EC0-301F-11D3-BF4B-00C04F79EFBC}") = "Final-Project-BackEND", "Final-Project-BackEND\Final-Project-BackEND.csproj", "{13753E63-06E6-455F-8CD3-BC262C4E17B8}"
EndProject
Global
	GlobalSection(SolutionConfigurationPlatforms) = preSolution
		Debug|Any CPU = Debug|Any CPU
		Release|Any CPU = Release|Any CPU
	EndGlobalSection
	GlobalSection(ProjectConfigurationPlatforms) = postSolution
		{13753E63-06E6-455F-8CD3-BC262C4E17B8}.Debug|Any CPU.ActiveCfg = Debug|Any CPU
		{13753E63-06E6-455F-8CD3-BC262C4E17B8}.Debug|Any CPU.Build.0 = Debug|Any CPU
		{13753E63-06E6-455F-8CD3-BC262C4E17B8}.Release|Any CPU.ActiveCfg = Release|Any CPU
		{13753E63-06E6-455F-8CD3-BC262C4E17B8}.Release|Any CPU.Build.0 = Release|Any CPU
	EndGlobalSection
	GlobalSection(SolutionProperties) = preSolution
		HideSolutionNode = FALSE
	EndGlobalSection
	GlobalSection(ExtensibilityGlobals) = postSolution
		SolutionGuid = {4937B59E-88A1-4B2A-918F-C9D09C93EAA8}
	EndGlobalSection
EndGlobal
